
Microsoft Visual Studio Solution File, Format Version 12.00
# Visual Studio Version 16
VisualStudioVersion = 16.0.29709.97
MinimumVisualStudioVersion = 10.0.40219.1
Project("{FAE04EC0-301F-11D3-BF4B-00C04F79EFBC}") = "Quete1-MEF-InjectionDeDependance", "Quete1-MEF-InjectionDeDependance\Quete1-MEF-InjectionDeDependance.csproj", "{D1397B55-471B-484E-AA6C-E8CD2D9B832C}"
EndProject
Global
	GlobalSection(SolutionConfigurationPlatforms) = preSolution
		Debug|Any CPU = Debug|Any CPU
		Release|Any CPU = Release|Any CPU
	EndGlobalSection
	GlobalSection(ProjectConfigurationPlatforms) = postSolution
		{D1397B55-471B-484E-AA6C-E8CD2D9B832C}.Debug|Any CPU.ActiveCfg = Debug|Any CPU
		{D1397B55-471B-484E-AA6C-E8CD2D9B832C}.Debug|Any CPU.Build.0 = Debug|Any CPU
		{D1397B55-471B-484E-AA6C-E8CD2D9B832C}.Release|Any CPU.ActiveCfg = Release|Any CPU
		{D1397B55-471B-484E-AA6C-E8CD2D9B832C}.Release|Any CPU.Build.0 = Release|Any CPU
	EndGlobalSection
	GlobalSection(SolutionProperties) = preSolution
		HideSolutionNode = FALSE
	EndGlobalSection
	GlobalSection(ExtensibilityGlobals) = postSolution
		SolutionGuid = {687655F2-FA42-45AA-8A3C-3B98F77E3B94}
	EndGlobalSection
EndGlobal
